{
  "name": "atom-quick-select",
  "version": "0.1.0-beta.2",
  "lockfileVersion": 1,
  "dependencies": {
    "atom-select-list": {
      "version": "0.2.0",
      "resolved": "https://registry.npmjs.org/atom-select-list/-/atom-select-list-0.2.0.tgz",
      "integrity": "sha1-pLbZGSOMgMxc2plRFUxBuZkALc8="
    },
    "etch": {
      "version": "0.9.5",
      "resolved": "https://registry.npmjs.org/etch/-/etch-0.9.5.tgz",
      "integrity": "sha1-bJK39jAAUluXl94j47QeEJpoj7w="
    },
    "fuzzaldrin": {
      "version": "2.1.0",
      "resolved": "https://registry.npmjs.org/fuzzaldrin/-/fuzzaldrin-2.1.0.tgz",
      "integrity": "sha1-kCBMPi/appQbso0WZF1BgGOpDps="
    }
  }
}
